
Microsoft Visual Studio Solution File, Format Version 12.00
# Visual Studio 15
VisualStudioVersion = 15.0.27004.2006
MinimumVisualStudioVersion = 10.0.40219.1
Project("{FAE04EC0-301F-11D3-BF4B-00C04F79EFBC}") = "Wolfram.Alpha", "Wolfram.Alpha\Wolfram.Alpha.csproj", "{60E278EC-A9C7-408F-A7F9-DAA8823C6669}"
EndProject
Project("{FAE04EC0-301F-11D3-BF4B-00C04F79EFBC}") = "Test", "Test\Test.csproj", "{4CD2C853-83CD-4959-A14C-F998FFC909A5}"
EndProject
Global
	GlobalSection(SolutionConfigurationPlatforms) = preSolution
		Debug|Any CPU = Debug|Any CPU
		Release|Any CPU = Release|Any CPU
	EndGlobalSection
	GlobalSection(ProjectConfigurationPlatforms) = postSolution
		{60E278EC-A9C7-408F-A7F9-DAA8823C6669}.Debug|Any CPU.ActiveCfg = Debug|Any CPU
		{60E278EC-A9C7-408F-A7F9-DAA8823C6669}.Debug|Any CPU.Build.0 = Debug|Any CPU
		{60E278EC-A9C7-408F-A7F9-DAA8823C6669}.Release|Any CPU.ActiveCfg = Release|Any CPU
		{60E278EC-A9C7-408F-A7F9-DAA8823C6669}.Release|Any CPU.Build.0 = Release|Any CPU
		{4CD2C853-83CD-4959-A14C-F998FFC909A5}.Debug|Any CPU.ActiveCfg = Debug|Any CPU
		{4CD2C853-83CD-4959-A14C-F998FFC909A5}.Debug|Any CPU.Build.0 = Debug|Any CPU
		{4CD2C853-83CD-4959-A14C-F998FFC909A5}.Release|Any CPU.ActiveCfg = Release|Any CPU
		{4CD2C853-83CD-4959-A14C-F998FFC909A5}.Release|Any CPU.Build.0 = Release|Any CPU
	EndGlobalSection
	GlobalSection(SolutionProperties) = preSolution
		HideSolutionNode = FALSE
	EndGlobalSection
	GlobalSection(ExtensibilityGlobals) = postSolution
		SolutionGuid = {D9F64F8B-F0D4-4DF1-8DF9-5C3DF7F98416}
	EndGlobalSection
EndGlobal
