
Microsoft Visual Studio Solution File, Format Version 12.00
# Visual Studio 15
VisualStudioVersion = 15.0.27004.2006
MinimumVisualStudioVersion = 10.0.40219.1
Project("{FAE04EC0-301F-11D3-BF4B-00C04F79EFBC}") = "Test", "Test\Test.csproj", "{45B7EE4B-063D-470B-9F63-21C1CAC98879}"
EndProject
Project("{FAE04EC0-301F-11D3-BF4B-00C04F79EFBC}") = "Wolfram.Alpha", "Wolfram.Alpha\Wolfram.Alpha.csproj", "{8E2CDD86-A78C-4333-9194-4774D62DE6B6}"
EndProject
Global
	GlobalSection(SolutionConfigurationPlatforms) = preSolution
		Debug|Any CPU = Debug|Any CPU
		Release|Any CPU = Release|Any CPU
	EndGlobalSection
	GlobalSection(ProjectConfigurationPlatforms) = postSolution
		{45B7EE4B-063D-470B-9F63-21C1CAC98879}.Debug|Any CPU.ActiveCfg = Debug|Any CPU
		{45B7EE4B-063D-470B-9F63-21C1CAC98879}.Debug|Any CPU.Build.0 = Debug|Any CPU
		{45B7EE4B-063D-470B-9F63-21C1CAC98879}.Release|Any CPU.ActiveCfg = Release|Any CPU
		{45B7EE4B-063D-470B-9F63-21C1CAC98879}.Release|Any CPU.Build.0 = Release|Any CPU
		{8E2CDD86-A78C-4333-9194-4774D62DE6B6}.Debug|Any CPU.ActiveCfg = Debug|Any CPU
		{8E2CDD86-A78C-4333-9194-4774D62DE6B6}.Debug|Any CPU.Build.0 = Debug|Any CPU
		{8E2CDD86-A78C-4333-9194-4774D62DE6B6}.Release|Any CPU.ActiveCfg = Release|Any CPU
		{8E2CDD86-A78C-4333-9194-4774D62DE6B6}.Release|Any CPU.Build.0 = Release|Any CPU
	EndGlobalSection
	GlobalSection(SolutionProperties) = preSolution
		HideSolutionNode = FALSE
	EndGlobalSection
	GlobalSection(ExtensibilityGlobals) = postSolution
		SolutionGuid = {D9F64F8B-F0D4-4DF1-8DF9-5C3DF7F98416}
	EndGlobalSection
EndGlobal
